Microsoft Visual Studio Solution File, Format Version 12.00
# Visual Studio Version 17
VisualStudioVersion = 17.5.2.0
MinimumVisualStudioVersion = 10.0.40219.1
Project("{FAE04EC0-301F-11D3-BF4B-00C04F79EFBC}") = "RotativeDownloadApp", "RotativeDownloadApp.csproj", "{3F5C684A-C629-E82A-C485-060E0C2628C5}"
EndProject
Global
	GlobalSection(SolutionConfigurationPlatforms) = preSolution
		Debug|Any CPU = Debug|Any CPU
		Release|Any CPU = Release|Any CPU
	EndGlobalSection
	GlobalSection(ProjectConfigurationPlatforms) = postSolution
		{3F5C684A-C629-E82A-C485-060E0C2628C5}.Debug|Any CPU.ActiveCfg = Debug|Any CPU
		{3F5C684A-C629-E82A-C485-060E0C2628C5}.Debug|Any CPU.Build.0 = Debug|Any CPU
		{3F5C684A-C629-E82A-C485-060E0C2628C5}.Release|Any CPU.ActiveCfg = Release|Any CPU
		{3F5C684A-C629-E82A-C485-060E0C2628C5}.Release|Any CPU.Build.0 = Release|Any CPU
	EndGlobalSection
	GlobalSection(SolutionProperties) = preSolution
		HideSolutionNode = FALSE
	EndGlobalSection
	GlobalSection(ExtensibilityGlobals) = postSolution
		SolutionGuid = {05B1E517-7D48-49DC-AE60-CFF342685BDA}
	EndGlobalSection
EndGlobal
